
Microsoft Visual Studio Solution File, Format Version 12.00
# Visual Studio Version 17
VisualStudioVersion = 17.6.33829.357
MinimumVisualStudioVersion = 10.0.40219.1
Project("{FAE04EC0-301F-11D3-BF4B-00C04F79EFBC}") = "ManholeTest", "ManholeTest\ManholeTest.csproj", "{71DB4088-EFCC-4C9F-8B84-FD030F7521A6}"
EndProject
Global
	GlobalSection(SolutionConfigurationPlatforms) = preSolution
		Debug|Any CPU = Debug|Any CPU
		Release|Any CPU = Release|Any CPU
	EndGlobalSection
	GlobalSection(ProjectConfigurationPlatforms) = postSolution
		{71DB4088-EFCC-4C9F-8B84-FD030F7521A6}.Debug|Any CPU.ActiveCfg = Debug|Any CPU
		{71DB4088-EFCC-4C9F-8B84-FD030F7521A6}.Debug|Any CPU.Build.0 = Debug|Any CPU
		{71DB4088-EFCC-4C9F-8B84-FD030F7521A6}.Release|Any CPU.ActiveCfg = Release|Any CPU
		{71DB4088-EFCC-4C9F-8B84-FD030F7521A6}.Release|Any CPU.Build.0 = Release|Any CPU
	EndGlobalSection
	GlobalSection(SolutionProperties) = preSolution
		HideSolutionNode = FALSE
	EndGlobalSection
	GlobalSection(ExtensibilityGlobals) = postSolution
		SolutionGuid = {3532C505-6473-457E-B82A-0DDAF44FB8AA}
	EndGlobalSection
EndGlobal
